# This was generated by ./generate-vendor.sh
[[projects]]
  branch = "master"
  name = "golang.org/x/crypto"
  revision = "1a580b3eff7814fc9b40602fd35256c63b50f491"

[[projects]]
  branch = "master"
  name = "golang.org/x/net"
  revision = "2491c5de3490fced2f6cff376127c667efeed857"

[[projects]]
  branch = "master"
  name = "golang.org/x/sys"
  revision = "7c87d13f8e835d2fb3a70a2912c811ed0c1d241b"

